// !$*UTF8*$!
{
	archiveVersion = 1;
	classes = {
	};
	objectVersion = 56;
	objects = {

/* Begin PBXBuildFile section */
		908C43572864A6FF00AF8519 /* LineMarkView.swift in Sources */ = {isa = PBXBuildFile; fileRef = 908C43562864A6FF00AF8519 /* LineMarkView.swift */; };
		908C43592864ACEE00AF8519 /* PointMarkView.swift in Sources */ = {isa = PBXBuildFile; fileRef = 908C43582864ACEE00AF8519 /* PointMarkView.swift */; };
		908C435B2864AF3800AF8519 /* AreaMarkView.swift in Sources */ = {isa = PBXBuildFile; fileRef = 908C435A2864AF3800AF8519 /* AreaMarkView.swift */; };
		9098E3F62863EDC80091E4C8 /* ChartViewApp.swift in Sources */ = {isa = PBXBuildFile; fileRef = 9098E3F52863EDC80091E4C8 /* ChartViewApp.swift */; };
		9098E3F82863EDC80091E4C8 /* BarChartView.swift in Sources */ = {isa = PBXBuildFile; fileRef = 9098E3F72863EDC80091E4C8 /* BarChartView.swift */; };
		9098E3FA2863EDC90091E4C8 /* Assets.xcassets in Resources */ = {isa = PBXBuildFile; fileRef = 9098E3F92863EDC90091E4C8 /* Assets.xcassets */; };
		9098E3FD2863EDC90091E4C8 /* Preview Assets.xcassets in Resources */ = {isa = PBXBuildFile; fileRef = 9098E3FC2863EDC90091E4C8 /* Preview Assets.xcassets */; };
		9098E4072863EDC90091E4C8 /* ChartViewTests.swift in Sources */ = {isa = PBXBuildFile; fileRef = 9098E4062863EDC90091E4C8 /* ChartViewTests.swift */; };
		9098E4112863EDC90091E4C8 /* ChartViewUITests.swift in Sources */ = {isa = PBXBuildFile; fileRef = 9098E4102863EDC90091E4C8 /* ChartViewUITests.swift */; };
		9098E4132863EDC90091E4C8 /* ChartViewUITestsLaunchTests.swift in Sources */ = {isa = PBXBuildFile; fileRef = 9098E4122863EDC90091E4C8 /* ChartViewUITestsLaunchTests.swift */; };
		9098E4202863F2430091E4C8 /* SelectableChartView.swift in Sources */ = {isa = PBXBuildFile; fileRef = 9098E41F2863F2430091E4C8 /* SelectableChartView.swift */; };
/* End PBXBuildFile section */

/* Begin PBXContainerItemProxy section */
		9098E4032863EDC90091E4C8 /* PBXContainerItemProxy */ = {
			isa = PBXContainerItemProxy;
			containerPortal = 9098E3EA2863EDC80091E4C8 /* Project object */;
			proxyType = 1;
			remoteGlobalIDString = 9098E3F12863EDC80091E4C8;
			remoteInfo = ChartView;
		};
		9098E40D2863EDC90091E4C8 /* PBXContainerItemProxy */ = {
			isa = PBXContainerItemProxy;
			containerPortal = 9098E3EA2863EDC80091E4C8 /* Project object */;
			proxyType = 1;
			remoteGlobalIDString = 9098E3F12863EDC80091E4C8;
			remoteInfo = ChartView;
		};
/* End PBXContainerItemProxy section */

/* Begin PBXFileReference section */
		908C43562864A6FF00AF8519 /* LineMarkView.swift */ = {isa = PBXFileReference; lastKnownFileType = sourcecode.swift; path = LineMarkView.swift; sourceTree = "<group>"; };
		908C43582864ACEE00AF8519 /* PointMarkView.swift */ = {isa = PBXFileReference; lastKnownFileType = sourcecode.swift; path = PointMarkView.swift; sourceTree = "<group>"; };
		908C435A2864AF3800AF8519 /* AreaMarkView.swift */ = {isa = PBXFileReference; lastKnownFileType = sourcecode.swift; path = AreaMarkView.swift; sourceTree = "<group>"; };
		9098E3F22863EDC80091E4C8 /* ChartView.app */ = {isa = PBXFileReference; explicitFileType = wrapper.application; includeInIndex = 0; path = ChartView.app; sourceTree = BUILT_PRODUCTS_DIR; };
		9098E3F52863EDC80091E4C8 /* ChartViewApp.swift */ = {isa = PBXFileReference; lastKnownFileType = sourcecode.swift; path = ChartViewApp.swift; sourceTree = "<group>"; };
		9098E3F72863EDC80091E4C8 /* BarChartView.swift */ = {isa = PBXFileReference; lastKnownFileType = sourcecode.swift; path = BarChartView.swift; sourceTree = "<group>"; };
		9098E3F92863EDC90091E4C8 /* Assets.xcassets */ = {isa = PBXFileReference; lastKnownFileType = folder.assetcatalog; path = Assets.xcassets; sourceTree = "<group>"; };
		9098E3FC2863EDC90091E4C8 /* Preview Assets.xcassets */ = {isa = PBXFileReference; lastKnownFileType = folder.assetcatalog; path = "Preview Assets.xcassets"; sourceTree = "<group>"; };
		9098E4022863EDC90091E4C8 /* ChartViewTests.xctest */ = {isa = PBXFileReference; explicitFileType = wrapper.cfbundle; includeInIndex = 0; path = ChartViewTests.xctest; sourceTree = BUILT_PRODUCTS_DIR; };
		9098E4062863EDC90091E4C8 /* ChartViewTests.swift */ = {isa = PBXFileReference; lastKnownFileType = sourcecode.swift; path = ChartViewTests.swift; sourceTree = "<group>"; };
		9098E40C2863EDC90091E4C8 /* ChartViewUITests.xctest */ = {isa = PBXFileReference; explicitFileType = wrapper.cfbundle; includeInIndex = 0; path = ChartViewUITests.xctest; sourceTree = BUILT_PRODUCTS_DIR; };
		9098E4102863EDC90091E4C8 /* ChartViewUITests.swift */ = {isa = PBXFileReference; lastKnownFileType = sourcecode.swift; path = ChartViewUITests.swift; sourceTree = "<group>"; };
		9098E4122863EDC90091E4C8 /* ChartViewUITestsLaunchTests.swift */ = {isa = PBXFileReference; lastKnownFileType = sourcecode.swift; path = ChartViewUITestsLaunchTests.swift; sourceTree = "<group>"; };
		9098E41F2863F2430091E4C8 /* SelectableChartView.swift */ = {isa = PBXFileReference; lastKnownFileType = sourcecode.swift; path = SelectableChartView.swift; sourceTree = "<group>"; };
/* End PBXFileReference section */

/* Begin PBXFrameworksBuildPhase section */
		9098E3EF2863EDC80091E4C8 /* Frameworks */ = {
			isa = PBXFrameworksBuildPhase;
			buildActionMask = 2147483647;
			files = (
			);
			runOnlyForDeploymentPostprocessing = 0;
		};
		9098E3FF2863EDC90091E4C8 /* Frameworks */ = {
			isa = PBXFrameworksBuildPhase;
			buildActionMask = 2147483647;
			files = (
			);
			runOnlyForDeploymentPostprocessing = 0;
		};
		9098E4092863EDC90091E4C8 /* Frameworks */ = {
			isa = PBXFrameworksBuildPhase;
			buildActionMask = 2147483647;
			files = (
			);
			runOnlyForDeploymentPostprocessing = 0;
		};
/* End PBXFrameworksBuildPhase section */

/* Begin PBXGroup section */
		9098E3E92863EDC80091E4C8 = {
			isa = PBXGroup;
			children = (
				9098E3F42863EDC80091E4C8 /* ChartView */,
				9098E4052863EDC90091E4C8 /* ChartViewTests */,
				9098E40F2863EDC90091E4C8 /* ChartViewUITests */,
				9098E3F32863EDC80091E4C8 /* Products */,
			);
			sourceTree = "<group>";
		};
		9098E3F32863EDC80091E4C8 /* Products */ = {
			isa = PBXGroup;
			children = (
				9098E3F22863EDC80091E4C8 /* ChartView.app */,
				9098E4022863EDC90091E4C8 /* ChartViewTests.xctest */,
				9098E40C2863EDC90091E4C8 /* ChartViewUITests.xctest */,
			);
			name = Products;
			sourceTree = "<group>";
		};
		9098E3F42863EDC80091E4C8 /* ChartView */ = {
			isa = PBXGroup;
			children = (
				9098E3F52863EDC80091E4C8 /* ChartViewApp.swift */,
				9098E41F2863F2430091E4C8 /* SelectableChartView.swift */,
				9098E3F72863EDC80091E4C8 /* BarChartView.swift */,
				908C43562864A6FF00AF8519 /* LineMarkView.swift */,
				908C43582864ACEE00AF8519 /* PointMarkView.swift */,
				908C435A2864AF3800AF8519 /* AreaMarkView.swift */,
				9098E3F92863EDC90091E4C8 /* Assets.xcassets */,
				9098E3FB2863EDC90091E4C8 /* Preview Content */,
			);
			path = ChartView;
			sourceTree = "<group>";
		};
		9098E3FB2863EDC90091E4C8 /* Preview Content */ = {
			isa = PBXGroup;
			children = (
				9098E3FC2863EDC90091E4C8 /* Preview Assets.xcassets */,
			);
			path = "Preview Content";
			sourceTree = "<group>";
		};
		9098E4052863EDC90091E4C8 /* ChartViewTests */ = {
			isa = PBXGroup;
			children = (
				9098E4062863EDC90091E4C8 /* ChartViewTests.swift */,
			);
			path = ChartViewTests;
			sourceTree = "<group>";
		};
		9098E40F2863EDC90091E4C8 /* ChartViewUITests */ = {
			isa = PBXGroup;
			children = (
				9098E4102863EDC90091E4C8 /* ChartViewUITests.swift */,
				9098E4122863EDC90091E4C8 /* ChartViewUITestsLaunchTests.swift */,
			);
			path = ChartViewUITests;
			sourceTree = "<group>";
		};
/* End PBXGroup section */

/* Begin PBXNativeTarget section */
		9098E3F12863EDC80091E4C8 /* ChartView */ = {
			isa = PBXNativeTarget;
			buildConfigurationList = 9098E4162863EDC90091E4C8 /* Build configuration list for PBXNativeTarget "ChartView" */;
			buildPhases = (
				9098E3EE2863EDC80091E4C8 /* Sources */,
				9098E3EF2863EDC80091E4C8 /* Frameworks */,
				9098E3F02863EDC80091E4C8 /* Resources */,
			);
			buildRules = (
			);
			dependencies = (
			);
			name = ChartView;
			productName = ChartView;
			productReference = 9098E3F22863EDC80091E4C8 /* ChartView.app */;
			productType = "com.apple.product-type.application";
		};
		9098E4012863EDC90091E4C8 /* ChartViewTests */ = {
			isa = PBXNativeTarget;
			buildConfigurationList = 9098E4192863EDC90091E4C8 /* Build configuration list for PBXNativeTarget "ChartViewTests" */;
			buildPhases = (
				9098E3FE2863EDC90091E4C8 /* Sources */,
				9098E3FF2863EDC90091E4C8 /* Frameworks */,
				9098E4002863EDC90091E4C8 /* Resources */,
			);
			buildRules = (
			);
			dependencies = (
				9098E4042863EDC90091E4C8 /* PBXTargetDependency */,
			);
			name = ChartViewTests;
			productName = ChartViewTests;
			productReference = 9098E4022863EDC90091E4C8 /* ChartViewTests.xctest */;
			productType = "com.apple.product-type.bundle.unit-test";
		};
		9098E40B2863EDC90091E4C8 /* ChartViewUITests */ = {
			isa = PBXNativeTarget;
			buildConfigurationList = 9098E41C2863EDC90091E4C8 /* Build configuration list for PBXNativeTarget "ChartViewUITests" */;
			buildPhases = (
				9098E4082863EDC90091E4C8 /* Sources */,
				9098E4092863EDC90091E4C8 /* Frameworks */,
				9098E40A2863EDC90091E4C8 /* Resources */,
			);
			buildRules = (
			);
			dependencies = (
				9098E40E2863EDC90091E4C8 /* PBXTargetDependency */,
			);
			name = ChartViewUITests;
			productName = ChartViewUITests;
			productReference = 9098E40C2863EDC90091E4C8 /* ChartViewUITests.xctest */;
			productType = "com.apple.product-type.bundle.ui-testing";
		};
/* End PBXNativeTarget section */

/* Begin PBXProject section */
		9098E3EA2863EDC80091E4C8 /* Project object */ = {
			isa = PBXProject;
			attributes = {
				BuildIndependentTargetsInParallel = 1;
				LastSwiftUpdateCheck = 1400;
				LastUpgradeCheck = 1400;
				TargetAttributes = {
					9098E3F12863EDC80091E4C8 = {
						CreatedOnToolsVersion = 14.0;
					};
					9098E4012863EDC90091E4C8 = {
						CreatedOnToolsVersion = 14.0;
						TestTargetID = 9098E3F12863EDC80091E4C8;
					};
					9098E40B2863EDC90091E4C8 = {
						CreatedOnToolsVersion = 14.0;
						TestTargetID = 9098E3F12863EDC80091E4C8;
					};
				};
			};
			buildConfigurationList = 9098E3ED2863EDC80091E4C8 /* Build configuration list for PBXProject "ChartView" */;
			compatibilityVersion = "Xcode 14.0";
			developmentRegion = en;
			hasScannedForEncodings = 0;
			knownRegions = (
				en,
				Base,
			);
			mainGroup = 9098E3E92863EDC80091E4C8;
			productRefGroup = 9098E3F32863EDC80091E4C8 /* Products */;
			projectDirPath = "";
			projectRoot = "";
			targets = (
				9098E3F12863EDC80091E4C8 /* ChartView */,
				9098E4012863EDC90091E4C8 /* ChartViewTests */,
				9098E40B2863EDC90091E4C8 /* ChartViewUITests */,
			);
		};
/* End PBXProject section */

/* Begin PBXResourcesBuildPhase section */
		9098E3F02863EDC80091E4C8 /* Resources */ = {
			isa = PBXResourcesBuildPhase;
			buildActionMask = 2147483647;
			files = (
				9098E3FD2863EDC90091E4C8 /* Preview Assets.xcassets in Resources */,
				9098E3FA2863EDC90091E4C8 /* Assets.xcassets in Resources */,
			);
			runOnlyForDeploymentPostprocessing = 0;
		};
		9098E4002863EDC90091E4C8 /* Resources */ = {
			isa = PBXResourcesBuildPhase;
			buildActionMask = 2147483647;
			files = (
			);
			runOnlyForDeploymentPostprocessing = 0;
		};
		9098E40A2863EDC90091E4C8 /* Resources */ = {
			isa = PBXResourcesBuildPhase;
			buildActionMask = 2147483647;
			files = (
			);
			runOnlyForDeploymentPostprocessing = 0;
		};
/* End PBXResourcesBuildPhase section */

/* Begin PBXSourcesBuildPhase section */
		9098E3EE2863EDC80091E4C8 /* Sources */ = {
			isa = PBXSourcesBuildPhase;
			buildActionMask = 2147483647;
			files = (
				9098E3F82863EDC80091E4C8 /* BarChartView.swift in Sources */,
				9098E3F62863EDC80091E4C8 /* ChartViewApp.swift in Sources */,
				9098E4202863F2430091E4C8 /* SelectableChartView.swift in Sources */,
				908C43592864ACEE00AF8519 /* PointMarkView.swift in Sources */,
				908C435B2864AF3800AF8519 /* AreaMarkView.swift in Sources */,
				908C43572864A6FF00AF8519 /* LineMarkView.swift in Sources */,
			);
			runOnlyForDeploymentPostprocessing = 0;
		};
		9098E3FE2863EDC90091E4C8 /* Sources */ = {
			isa = PBXSourcesBuildPhase;
			buildActionMask = 2147483647;
			files = (
				9098E4072863EDC90091E4C8 /* ChartViewTests.swift in Sources */,
			);
			runOnlyForDeploymentPostprocessing = 0;
		};
		9098E4082863EDC90091E4C8 /* Sources */ = {
			isa = PBXSourcesBuildPhase;
			buildActionMask = 2147483647;
			files = (
				9098E4132863EDC90091E4C8 /* ChartViewUITestsLaunchTests.swift in Sources */,
				9098E4112863EDC90091E4C8 /* ChartViewUITests.swift in Sources */,
			);
			runOnlyForDeploymentPostprocessing = 0;
		};
/* End PBXSourcesBuildPhase section */

/* Begin PBXTargetDependency section */
		9098E4042863EDC90091E4C8 /* PBXTargetDependency */ = {
			isa = PBXTargetDependency;
			target = 9098E3F12863EDC80091E4C8 /* ChartView */;
			targetProxy = 9098E4032863EDC90091E4C8 /* PBXContainerItemProxy */;
		};
		9098E40E2863EDC90091E4C8 /* PBXTargetDependency */ = {
			isa = PBXTargetDependency;
			target = 9098E3F12863EDC80091E4C8 /* ChartView */;
			targetProxy = 9098E40D2863EDC90091E4C8 /* PBXContainerItemProxy */;
		};
/* End PBXTargetDependency section */

/* Begin XCBuildConfiguration section */
		9098E4142863EDC90091E4C8 /* Debug */ = {
			isa = XCBuildConfiguration;
			buildSettings = {
				ALWAYS_SEARCH_USER_PATHS = NO;
				CLANG_ANALYZER_NONNULL = YES;
				CLANG_ANALYZER_NUMBER_OBJECT_CONVERSION = YES_AGGRESSIVE;
				CLANG_CXX_LANGUAGE_STANDARD = "gnu++17";
				CLANG_ENABLE_MODULES = YES;
				CLANG_ENABLE_OBJC_ARC = YES;
				CLANG_ENABLE_OBJC_WEAK = YES;
				CLANG_WARN_BLOCK_CAPTURE_AUTORELEASING = YES;
				CLANG_WARN_BOOL_CONVERSION = YES;
				CLANG_WARN_COMMA = YES;
				CLANG_WARN_CONSTANT_CONVERSION = YES;
				CLANG_WARN_DEPRECATED_OBJC_IMPLEMENTATIONS = YES;
				CLANG_WARN_DIRECT_OBJC_ISA_USAGE = YES_ERROR;
				CLANG_WARN_DOCUMENTATION_COMMENTS = YES;
				CLANG_WARN_EMPTY_BODY = YES;
				CLANG_WARN_ENUM_CONVERSION = YES;
				CLANG_WARN_INFINITE_RECURSION = YES;
				CLANG_WARN_INT_CONVERSION = YES;
				CLANG_WARN_NON_LITERAL_NULL_CONVERSION = YES;
				CLANG_WARN_OBJC_IMPLICIT_RETAIN_SELF = YES;
				CLANG_WARN_OBJC_LITERAL_CONVERSION = YES;
				CLANG_WARN_OBJC_ROOT_CLASS = YES_ERROR;
				CLANG_WARN_QUOTED_INCLUDE_IN_FRAMEWORK_HEADER = YES;
				CLANG_WARN_RANGE_LOOP_ANALYSIS = YES;
				CLANG_WARN_STRICT_PROTOTYPES = YES;
				CLANG_WARN_SUSPICIOUS_MOVE = YES;
				CLANG_WARN_UNGUARDED_AVAILABILITY = YES_AGGRESSIVE;
				CLANG_WARN_UNREACHABLE_CODE = YES;
				CLANG_WARN__DUPLICATE_METHOD_MATCH = YES;
				COPY_PHASE_STRIP = NO;
				DEBUG_INFORMATION_FORMAT = dwarf;
				ENABLE_STRICT_OBJC_MSGSEND = YES;
				ENABLE_TESTABILITY = YES;
				GCC_C_LANGUAGE_STANDARD = gnu11;
				GCC_DYNAMIC_NO_PIC = NO;
				GCC_NO_COMMON_BLOCKS = YES;
				GCC_OPTIMIZATION_LEVEL = 0;
				GCC_PREPROCESSOR_DEFINITIONS = (
					"DEBUG=1",
					"$(inherited)",
				);
				GCC_WARN_64_TO_32_BIT_CONVERSION = YES;
				GCC_WARN_ABOUT_RETURN_TYPE = YES_ERROR;
				GCC_WARN_UNDECLARED_SELECTOR = YES;
				GCC_WARN_UNINITIALIZED_AUTOS = YES_AGGRESSIVE;
				GCC_WARN_UNUSED_FUNCTION = YES;
				GCC_WARN_UNUSED_VARIABLE = YES;
				IPHONEOS_DEPLOYMENT_TARGET = 16.0;
				MTL_ENABLE_DEBUG_INFO = INCLUDE_SOURCE;
				MTL_FAST_MATH = YES;
				ONLY_ACTIVE_ARCH = YES;
				SDKROOT = iphoneos;
				SWIFT_ACTIVE_COMPILATION_CONDITIONS = DEBUG;
				SWIFT_OPTIMIZATION_LEVEL = "-Onone";
			};
			name = Debug;
		};
		9098E4152863EDC90091E4C8 /* Release */ = {
			isa = XCBuildConfiguration;
			buildSettings = {
				ALWAYS_SEARCH_USER_PATHS = NO;
				CLANG_ANALYZER_NONNULL = YES;
				CLANG_ANALYZER_NUMBER_OBJECT_CONVERSION = YES_AGGRESSIVE;
				CLANG_CXX_LANGUAGE_STANDARD = "gnu++17";
				CLANG_ENABLE_MODULES = YES;
				CLANG_ENABLE_OBJC_ARC = YES;
				CLANG_ENABLE_OBJC_WEAK = YES;
				CLANG_WARN_BLOCK_CAPTURE_AUTORELEASING = YES;
				CLANG_WARN_BOOL_CONVERSION = YES;
				CLANG_WARN_COMMA = YES;
				CLANG_WARN_CONSTANT_CONVERSION = YES;
				CLANG_WARN_DEPRECATED_OBJC_IMPLEMENTATIONS = YES;
				CLANG_WARN_DIRECT_OBJC_ISA_USAGE = YES_ERROR;
				CLANG_WARN_DOCUMENTATION_COMMENTS = YES;
				CLANG_WARN_EMPTY_BODY = YES;
				CLANG_WARN_ENUM_CONVERSION = YES;
				CLANG_WARN_INFINITE_RECURSION = YES;
				CLANG_WARN_INT_CONVERSION = YES;
				CLANG_WARN_NON_LITERAL_NULL_CONVERSION = YES;
				CLANG_WARN_OBJC_IMPLICIT_RETAIN_SELF = YES;
				CLANG_WARN_OBJC_LITERAL_CONVERSION = YES;
				CLANG_WARN_OBJC_ROOT_CLASS = YES_ERROR;
				CLANG_WARN_QUOTED_INCLUDE_IN_FRAMEWORK_HEADER = YES;
				CLANG_WARN_RANGE_LOOP_ANALYSIS = YES;
				CLANG_WARN_STRICT_PROTOTYPES = YES;
				CLANG_WARN_SUSPICIOUS_MOVE = YES;
				CLANG_WARN_UNGUARDED_AVAILABILITY = YES_AGGRESSIVE;
				CLANG_WARN_UNREACHABLE_CODE = YES;
				CLANG_WARN__DUPLICATE_METHOD_MATCH = YES;
				COPY_PHASE_STRIP = NO;
				DEBUG_INFORMATION_FORMAT = "dwarf-with-dsym";
				ENABLE_NS_ASSERTIONS = NO;
				ENABLE_STRICT_OBJC_MSGSEND = YES;
				GCC_C_LANGUAGE_STANDARD = gnu11;
				GCC_NO_COMMON_BLOCKS = YES;
				GCC_WARN_64_TO_32_BIT_CONVERSION = YES;
				GCC_WARN_ABOUT_RETURN_TYPE = YES_ERROR;
				GCC_WARN_UNDECLARED_SELECTOR = YES;
				GCC_WARN_UNINITIALIZED_AUTOS = YES_AGGRESSIVE;
				GCC_WARN_UNUSED_FUNCTION = YES;
				GCC_WARN_UNUSED_VARIABLE = YES;
				IPHONEOS_DEPLOYMENT_TARGET = 16.0;
				MTL_ENABLE_DEBUG_INFO = NO;
				MTL_FAST_MATH = YES;
				SDKROOT = iphoneos;
				SWIFT_COMPILATION_MODE = wholemodule;
				SWIFT_OPTIMIZATION_LEVEL = "-O";
				VALIDATE_PRODUCT = YES;
			};
			name = Release;
		};
		9098E4172863EDC90091E4C8 /* Debug */ = {
			isa = XCBuildConfiguration;
			buildSettings = {
				ASSETCATALOG_COMPILER_APPICON_NAME = AppIcon;
				ASSETCATALOG_COMPILER_GLOBAL_ACCENT_COLOR_NAME = AccentColor;
				CODE_SIGN_STYLE = Automatic;
				CURRENT_PROJECT_VERSION = 1;
				DEVELOPMENT_ASSET_PATHS = "\"ChartView/Preview Content\"";
				DEVELOPMENT_TEAM = D3DW67HS9F;
				ENABLE_PREVIEWS = YES;
				GENERATE_INFOPLIST_FILE = YES;
				INFOPLIST_KEY_UIApplicationSceneManifest_Generation = YES;
				INFOPLIST_KEY_UIApplicationSupportsIndirectInputEvents = YES;
				INFOPLIST_KEY_UILaunchScreen_Generation = YES;
				INFOPLIST_KEY_UISupportedInterfaceOrientations_iPad = "UIInterfaceOrientationPortrait UIInterfaceOrientationPortraitUpsideDown UIInterfaceOrientationLandscapeLeft UIInterfaceOrientationLandscapeRight";
				INFOPLIST_KEY_UISupportedInterfaceOrientations_iPhone = "UIInterfaceOrientationPortrait UIInterfaceOrientationLandscapeLeft UIInterfaceOrientationLandscapeRight";
				LD_RUNPATH_SEARCH_PATHS = (
					"$(inherited)",
					"@executable_path/Frameworks",
				);
				MARKETING_VERSION = 1.0;
				PRODUCT_BUNDLE_IDENTIFIER = com.keisukeYamagishi.ChartView;
				PRODUCT_NAME = "$(TARGET_NAME)";
				SWIFT_EMIT_LOC_STRINGS = YES;
				SWIFT_VERSION = 5.0;
				TARGETED_DEVICE_FAMILY = "1,2";
			};
			name = Debug;
		};
		9098E4182863EDC90091E4C8 /* Release */ = {
			isa = XCBuildConfiguration;
			buildSettings = {
				ASSETCATALOG_COMPILER_APPICON_NAME = AppIcon;
				ASSETCATALOG_COMPILER_GLOBAL_ACCENT_COLOR_NAME = AccentColor;
				CODE_SIGN_STYLE = Automatic;
				CURRENT_PROJECT_VERSION = 1;
				DEVELOPMENT_ASSET_PATHS = "\"ChartView/Preview Content\"";
				DEVELOPMENT_TEAM = D3DW67HS9F;
				ENABLE_PREVIEWS = YES;
				GENERATE_INFOPLIST_FILE = YES;
				INFOPLIST_KEY_UIApplicationSceneManifest_Generation = YES;
				INFOPLIST_KEY_UIApplicationSupportsIndirectInputEvents = YES;
				INFOPLIST_KEY_UILaunchScreen_Generation = YES;
				INFOPLIST_KEY_UISupportedInterfaceOrientations_iPad = "UIInterfaceOrientationPortrait UIInterfaceOrientationPortraitUpsideDown UIInterfaceOrientationLandscapeLeft UIInterfaceOrientationLandscapeRight";
				INFOPLIST_KEY_UISupportedInterfaceOrientations_iPhone = "UIInterfaceOrientationPortrait UIInterfaceOrientationLandscapeLeft UIInterfaceOrientationLandscapeRight";
				LD_RUNPATH_SEARCH_PATHS = (
					"$(inherited)",
					"@executable_path/Frameworks",
				);
				MARKETING_VERSION = 1.0;
				PRODUCT_BUNDLE_IDENTIFIER = com.keisukeYamagishi.ChartView;
				PRODUCT_NAME = "$(TARGET_NAME)";
				SWIFT_EMIT_LOC_STRINGS = YES;
				SWIFT_VERSION = 5.0;
				TARGETED_DEVICE_FAMILY = "1,2";
			};
			name = Release;
		};
		9098E41A2863EDC90091E4C8 /* Debug */ = {
			isa = XCBuildConfiguration;
			buildSettings = {
				ALWAYS_EMBED_SWIFT_STANDARD_LIBRARIES = YES;
				BUNDLE_LOADER = "$(TEST_HOST)";
				CODE_SIGN_STYLE = Automatic;
				CURRENT_PROJECT_VERSION = 1;
				DEVELOPMENT_TEAM = D3DW67HS9F;
				GENERATE_INFOPLIST_FILE = YES;
				IPHONEOS_DEPLOYMENT_TARGET = 16.0;
				MARKETING_VERSION = 1.0;
				PRODUCT_BUNDLE_IDENTIFIER = com.keisukeYamagishi.ChartViewTests;
				PRODUCT_NAME = "$(TARGET_NAME)";
				SWIFT_EMIT_LOC_STRINGS = NO;
				SWIFT_VERSION = 5.0;
				TARGETED_DEVICE_FAMILY = "1,2";
				TEST_HOST = "$(BUILT_PRODUCTS_DIR)/ChartView.app/$(BUNDLE_EXECUTABLE_FOLDER_PATH)/ChartView";
			};
			name = Debug;
		};
		9098E41B2863EDC90091E4C8 /* Release */ = {
			isa = XCBuildConfiguration;
			buildSettings = {
				ALWAYS_EMBED_SWIFT_STANDARD_LIBRARIES = YES;
				BUNDLE_LOADER = "$(TEST_HOST)";
				CODE_SIGN_STYLE = Automatic;
				CURRENT_PROJECT_VERSION = 1;
				DEVELOPMENT_TEAM = D3DW67HS9F;
				GENERATE_INFOPLIST_FILE = YES;
				IPHONEOS_DEPLOYMENT_TARGET = 16.0;
				MARKETING_VERSION = 1.0;
				PRODUCT_BUNDLE_IDENTIFIER = com.keisukeYamagishi.ChartViewTests;
				PRODUCT_NAME = "$(TARGET_NAME)";
				SWIFT_EMIT_LOC_STRINGS = NO;
				SWIFT_VERSION = 5.0;
				TARGETED_DEVICE_FAMILY = "1,2";
				TEST_HOST = "$(BUILT_PRODUCTS_DIR)/ChartView.app/$(BUNDLE_EXECUTABLE_FOLDER_PATH)/ChartView";
			};
			name = Release;
		};
		9098E41D2863EDC90091E4C8 /* Debug */ = {
			isa = XCBuildConfiguration;
			buildSettings = {
				ALWAYS_EMBED_SWIFT_STANDARD_LIBRARIES = YES;
				CODE_SIGN_STYLE = Automatic;
				CURRENT_PROJECT_VERSION = 1;
				DEVELOPMENT_TEAM = D3DW67HS9F;
				GENERATE_INFOPLIST_FILE = YES;
				MARKETING_VERSION = 1.0;
				PRODUCT_BUNDLE_IDENTIFIER = com.keisukeYamagishi.ChartViewUITests;
				PRODUCT_NAME = "$(TARGET_NAME)";
				SWIFT_EMIT_LOC_STRINGS = NO;
				SWIFT_VERSION = 5.0;
				TARGETED_DEVICE_FAMILY = "1,2";
				TEST_TARGET_NAME = ChartView;
			};
			name = Debug;
		};
		9098E41E2863EDC90091E4C8 /* Release */ = {
			isa = XCBuildConfiguration;
			buildSettings = {
				ALWAYS_EMBED_SWIFT_STANDARD_LIBRARIES = YES;
				CODE_SIGN_STYLE = Automatic;
				CURRENT_PROJECT_VERSION = 1;
				DEVELOPMENT_TEAM = D3DW67HS9F;
				GENERATE_INFOPLIST_FILE = YES;
				MARKETING_VERSION = 1.0;
				PRODUCT_BUNDLE_IDENTIFIER = com.keisukeYamagishi.ChartViewUITests;
				PRODUCT_NAME = "$(TARGET_NAME)";
				SWIFT_EMIT_LOC_STRINGS = NO;
				SWIFT_VERSION = 5.0;
				TARGETED_DEVICE_FAMILY = "1,2";
				TEST_TARGET_NAME = ChartView;
			};
			name = Release;
		};
/* End XCBuildConfiguration section */

/* Begin XCConfigurationList section */
		9098E3ED2863EDC80091E4C8 /* Build configuration list for PBXProject "ChartView" */ = {
			isa = XCConfigurationList;
			buildConfigurations = (
				9098E4142863EDC90091E4C8 /* Debug */,
				9098E4152863EDC90091E4C8 /* Release */,
			);
			defaultConfigurationIsVisible = 0;
			defaultConfigurationName = Release;
		};
		9098E4162863EDC90091E4C8 /* Build configuration list for PBXNativeTarget "ChartView" */ = {
			isa = XCConfigurationList;
			buildConfigurations = (
				9098E4172863EDC90091E4C8 /* Debug */,
				9098E4182863EDC90091E4C8 /* Release */,
			);
			defaultConfigurationIsVisible = 0;
			defaultConfigurationName = Release;
		};
		9098E4192863EDC90091E4C8 /* Build configuration list for PBXNativeTarget "ChartViewTests" */ = {
			isa = XCConfigurationList;
			buildConfigurations = (
				9098E41A2863EDC90091E4C8 /* Debug */,
				9098E41B2863EDC90091E4C8 /* Release */,
			);
			defaultConfigurationIsVisible = 0;
			defaultConfigurationName = Release;
		};
		9098E41C2863EDC90091E4C8 /* Build configuration list for PBXNativeTarget "ChartViewUITests" */ = {
			isa = XCConfigurationList;
			buildConfigurations = (
				9098E41D2863EDC90091E4C8 /* Debug */,
				9098E41E2863EDC90091E4C8 /* Release */,
			);
			defaultConfigurationIsVisible = 0;
			defaultConfigurationName = Release;
		};
/* End XCConfigurationList section */
	};
	rootObject = 9098E3EA2863EDC80091E4C8 /* Project object */;
}
